
Microsoft Visual Studio Solution File, Format Version 12.00
# Visual Studio Version 17
VisualStudioVersion = 17.0.31903.59
MinimumVisualStudioVersion = 10.0.40219.1
Project("{2150E333-8FDC-42A3-9474-1A3956D46DE8}") = "GuitarAPI", "GuitarAPI", "{374F8A21-FE28-2D07-3937-23049091CADD}"
EndProject
Project("{2150E333-8FDC-42A3-9474-1A3956D46DE8}") = "src", "src", "{4942CA4F-DFEF-375E-F01B-8B3D9C1A3AD4}"
EndProject
Project("{FAE04EC0-301F-11D3-BF4B-00C04F79EFBC}") = "ChordAPI", "ChordService\src\ChordAPI\ChordAPI.csproj", "{7C5A490F-2129-426A-A2B8-4658B990717D}"
EndProject
Project("{FAE04EC0-301F-11D3-BF4B-00C04F79EFBC}") = "ScaleAPI", "ScaleService\src\ScaleAPI\ScaleAPI.csproj", "{2A7CD717-DE5D-4EEE-B37A-0A33DA8CB4EB}"
EndProject
Project("{FAE04EC0-301F-11D3-BF4B-00C04F79EFBC}") = "API.Gateway", "Gateway\src\API.Gateway\API.Gateway.csproj", "{03DB0E15-541C-46F7-BC5E-B9FE525E7AAB}"
EndProject
Global
	GlobalSection(SolutionConfigurationPlatforms) = preSolution
		Debug|Any CPU = Debug|Any CPU
		Debug|x64 = Debug|x64
		Debug|x86 = Debug|x86
		Release|Any CPU = Release|Any CPU
		Release|x64 = Release|x64
		Release|x86 = Release|x86
	EndGlobalSection
	GlobalSection(ProjectConfigurationPlatforms) = postSolution
		{7C5A490F-2129-426A-A2B8-4658B990717D}.Debug|Any CPU.ActiveCfg = Debug|Any CPU
		{7C5A490F-2129-426A-A2B8-4658B990717D}.Debug|Any CPU.Build.0 = Debug|Any CPU
		{7C5A490F-2129-426A-A2B8-4658B990717D}.Debug|x64.ActiveCfg = Debug|Any CPU
		{7C5A490F-2129-426A-A2B8-4658B990717D}.Debug|x64.Build.0 = Debug|Any CPU
		{7C5A490F-2129-426A-A2B8-4658B990717D}.Debug|x86.ActiveCfg = Debug|Any CPU
		{7C5A490F-2129-426A-A2B8-4658B990717D}.Debug|x86.Build.0 = Debug|Any CPU
		{7C5A490F-2129-426A-A2B8-4658B990717D}.Release|Any CPU.ActiveCfg = Release|Any CPU
		{7C5A490F-2129-426A-A2B8-4658B990717D}.Release|Any CPU.Build.0 = Release|Any CPU
		{7C5A490F-2129-426A-A2B8-4658B990717D}.Release|x64.ActiveCfg = Release|Any CPU
		{7C5A490F-2129-426A-A2B8-4658B990717D}.Release|x64.Build.0 = Release|Any CPU
		{7C5A490F-2129-426A-A2B8-4658B990717D}.Release|x86.ActiveCfg = Release|Any CPU
		{7C5A490F-2129-426A-A2B8-4658B990717D}.Release|x86.Build.0 = Release|Any CPU
		{2A7CD717-DE5D-4EEE-B37A-0A33DA8CB4EB}.Debug|Any CPU.ActiveCfg = Debug|Any CPU
		{2A7CD717-DE5D-4EEE-B37A-0A33DA8CB4EB}.Debug|Any CPU.Build.0 = Debug|Any CPU
		{2A7CD717-DE5D-4EEE-B37A-0A33DA8CB4EB}.Debug|x64.ActiveCfg = Debug|Any CPU
		{2A7CD717-DE5D-4EEE-B37A-0A33DA8CB4EB}.Debug|x64.Build.0 = Debug|Any CPU
		{2A7CD717-DE5D-4EEE-B37A-0A33DA8CB4EB}.Debug|x86.ActiveCfg = Debug|Any CPU
		{2A7CD717-DE5D-4EEE-B37A-0A33DA8CB4EB}.Debug|x86.Build.0 = Debug|Any CPU
		{2A7CD717-DE5D-4EEE-B37A-0A33DA8CB4EB}.Release|Any CPU.ActiveCfg = Release|Any CPU
		{2A7CD717-DE5D-4EEE-B37A-0A33DA8CB4EB}.Release|Any CPU.Build.0 = Release|Any CPU
		{2A7CD717-DE5D-4EEE-B37A-0A33DA8CB4EB}.Release|x64.ActiveCfg = Release|Any CPU
		{2A7CD717-DE5D-4EEE-B37A-0A33DA8CB4EB}.Release|x64.Build.0 = Release|Any CPU
		{2A7CD717-DE5D-4EEE-B37A-0A33DA8CB4EB}.Release|x86.ActiveCfg = Release|Any CPU
		{2A7CD717-DE5D-4EEE-B37A-0A33DA8CB4EB}.Release|x86.Build.0 = Release|Any CPU
		{03DB0E15-541C-46F7-BC5E-B9FE525E7AAB}.Debug|Any CPU.ActiveCfg = Debug|Any CPU
		{03DB0E15-541C-46F7-BC5E-B9FE525E7AAB}.Debug|Any CPU.Build.0 = Debug|Any CPU
		{03DB0E15-541C-46F7-BC5E-B9FE525E7AAB}.Debug|x64.ActiveCfg = Debug|Any CPU
		{03DB0E15-541C-46F7-BC5E-B9FE525E7AAB}.Debug|x64.Build.0 = Debug|Any CPU
		{03DB0E15-541C-46F7-BC5E-B9FE525E7AAB}.Debug|x86.ActiveCfg = Debug|Any CPU
		{03DB0E15-541C-46F7-BC5E-B9FE525E7AAB}.Debug|x86.Build.0 = Debug|Any CPU
		{03DB0E15-541C-46F7-BC5E-B9FE525E7AAB}.Release|Any CPU.ActiveCfg = Release|Any CPU
		{03DB0E15-541C-46F7-BC5E-B9FE525E7AAB}.Release|Any CPU.Build.0 = Release|Any CPU
		{03DB0E15-541C-46F7-BC5E-B9FE525E7AAB}.Release|x64.ActiveCfg = Release|Any CPU
		{03DB0E15-541C-46F7-BC5E-B9FE525E7AAB}.Release|x64.Build.0 = Release|Any CPU
		{03DB0E15-541C-46F7-BC5E-B9FE525E7AAB}.Release|x86.ActiveCfg = Release|Any CPU
		{03DB0E15-541C-46F7-BC5E-B9FE525E7AAB}.Release|x86.Build.0 = Release|Any CPU
	EndGlobalSection
	GlobalSection(SolutionProperties) = preSolution
		HideSolutionNode = FALSE
	EndGlobalSection
	GlobalSection(NestedProjects) = preSolution
		{4942CA4F-DFEF-375E-F01B-8B3D9C1A3AD4} = {374F8A21-FE28-2D07-3937-23049091CADD}
		{7C5A490F-2129-426A-A2B8-4658B990717D} = {4942CA4F-DFEF-375E-F01B-8B3D9C1A3AD4}
		{2A7CD717-DE5D-4EEE-B37A-0A33DA8CB4EB} = {4942CA4F-DFEF-375E-F01B-8B3D9C1A3AD4}
		{03DB0E15-541C-46F7-BC5E-B9FE525E7AAB} = {4942CA4F-DFEF-375E-F01B-8B3D9C1A3AD4}
	EndGlobalSection
EndGlobal
